
Microsoft Visual Studio Solution File, Format Version 12.00
# Visual Studio Version 17
VisualStudioVersion = 17.0.31903.59
MinimumVisualStudioVersion = 10.0.40219.1
Project("{2150E333-8FDC-42A3-9474-1A3956D46DE8}") = "src", "src", "{827E0CD3-B72D-47B6-A68D-7590B98EB39B}"
EndProject
Project("{FAE04EC0-301F-11D3-BF4B-00C04F79EFBC}") = "Playtest.Api", "src\Playtest.Api\Playtest.Api.csproj", "{AE2812AC-0BE2-4DE3-AD9B-700C96378ACC}"
EndProject
Project("{FAE04EC0-301F-11D3-BF4B-00C04F79EFBC}") = "Playtest.Api.Tests", "tests\Playtest.Api.Tests\Playtest.Api.Tests.csproj", "{3351C904-4DE6-4BFE-9F20-182032102B90}"
EndProject
Global
	GlobalSection(SolutionConfigurationPlatforms) = preSolution
		Debug|Any CPU = Debug|Any CPU
		Debug|x64 = Debug|x64
		Debug|x86 = Debug|x86
		Release|Any CPU = Release|Any CPU
		Release|x64 = Release|x64
		Release|x86 = Release|x86
	EndGlobalSection
	GlobalSection(ProjectConfigurationPlatforms) = postSolution
		{AE2812AC-0BE2-4DE3-AD9B-700C96378ACC}.Debug|Any CPU.ActiveCfg = Debug|Any CPU
		{AE2812AC-0BE2-4DE3-AD9B-700C96378ACC}.Debug|Any CPU.Build.0 = Debug|Any CPU
		{AE2812AC-0BE2-4DE3-AD9B-700C96378ACC}.Debug|x64.ActiveCfg = Debug|Any CPU
		{AE2812AC-0BE2-4DE3-AD9B-700C96378ACC}.Debug|x64.Build.0 = Debug|Any CPU
		{AE2812AC-0BE2-4DE3-AD9B-700C96378ACC}.Debug|x86.ActiveCfg = Debug|Any CPU
		{AE2812AC-0BE2-4DE3-AD9B-700C96378ACC}.Debug|x86.Build.0 = Debug|Any CPU
		{AE2812AC-0BE2-4DE3-AD9B-700C96378ACC}.Release|Any CPU.ActiveCfg = Release|Any CPU
		{AE2812AC-0BE2-4DE3-AD9B-700C96378ACC}.Release|Any CPU.Build.0 = Release|Any CPU
		{AE2812AC-0BE2-4DE3-AD9B-700C96378ACC}.Release|x64.ActiveCfg = Release|Any CPU
		{AE2812AC-0BE2-4DE3-AD9B-700C96378ACC}.Release|x64.Build.0 = Release|Any CPU
		{AE2812AC-0BE2-4DE3-AD9B-700C96378ACC}.Release|x86.ActiveCfg = Release|Any CPU
		{AE2812AC-0BE2-4DE3-AD9B-700C96378ACC}.Release|x86.Build.0 = Release|Any CPU
		{3351C904-4DE6-4BFE-9F20-182032102B90}.Debug|Any CPU.ActiveCfg = Debug|Any CPU
		{3351C904-4DE6-4BFE-9F20-182032102B90}.Debug|Any CPU.Build.0 = Debug|Any CPU
		{3351C904-4DE6-4BFE-9F20-182032102B90}.Debug|x64.ActiveCfg = Debug|Any CPU
		{3351C904-4DE6-4BFE-9F20-182032102B90}.Debug|x64.Build.0 = Debug|Any CPU
		{3351C904-4DE6-4BFE-9F20-182032102B90}.Debug|x86.ActiveCfg = Debug|Any CPU
		{3351C904-4DE6-4BFE-9F20-182032102B90}.Debug|x86.Build.0 = Debug|Any CPU
		{3351C904-4DE6-4BFE-9F20-182032102B90}.Release|Any CPU.ActiveCfg = Release|Any CPU
		{3351C904-4DE6-4BFE-9F20-182032102B90}.Release|Any CPU.Build.0 = Release|Any CPU
		{3351C904-4DE6-4BFE-9F20-182032102B90}.Release|x64.ActiveCfg = Release|Any CPU
		{3351C904-4DE6-4BFE-9F20-182032102B90}.Release|x64.Build.0 = Release|Any CPU
		{3351C904-4DE6-4BFE-9F20-182032102B90}.Release|x86.ActiveCfg = Release|Any CPU
		{3351C904-4DE6-4BFE-9F20-182032102B90}.Release|x86.Build.0 = Release|Any CPU
	EndGlobalSection
	GlobalSection(SolutionProperties) = preSolution
		HideSolutionNode = FALSE
	EndGlobalSection
	GlobalSection(NestedProjects) = preSolution
		{AE2812AC-0BE2-4DE3-AD9B-700C96378ACC} = {827E0CD3-B72D-47B6-A68D-7590B98EB39B}
		{3351C904-4DE6-4BFE-9F20-182032102B90} = {827E0CD3-B72D-47B6-A68D-7590B98EB39B}
	EndGlobalSection
EndGlobal
